// !$*UTF8*$!
{
	archiveVersion = 1;
	classes = {
	};
	objectVersion = 55;
	objects = {

/* Begin PBXBuildFile section */
		71E1424B27F2D98200CEBEFD /* AppDelegate.swift in Sources */ = {isa = PBXBuildFile; fileRef = 71E1424A27F2D98200CEBEFD /* AppDelegate.swift */; };
		71E1424D27F2D98200CEBEFD /* SceneDelegate.swift in Sources */ = {isa = PBXBuildFile; fileRef = 71E1424C27F2D98200CEBEFD /* SceneDelegate.swift */; };
		71E1424F27F2D98200CEBEFD /* ReminderListViewController.swift in Sources */ = {isa = PBXBuildFile; fileRef = 71E1424E27F2D98200CEBEFD /* ReminderListViewController.swift */; };
		71E1425227F2D98200CEBEFD /* Main.storyboard in Resources */ = {isa = PBXBuildFile; fileRef = 71E1425027F2D98200CEBEFD /* Main.storyboard */; };
		71E1425727F2D98400CEBEFD /* LaunchScreen.storyboard in Resources */ = {isa = PBXBuildFile; fileRef = 71E1425527F2D98400CEBEFD /* LaunchScreen.storyboard */; };
		71E1426027F2DA9200CEBEFD /* Reminder.swift in Sources */ = {isa = PBXBuildFile; fileRef = 71E1425F27F2DA9200CEBEFD /* Reminder.swift */; };
		71E1426227F2F7AA00CEBEFD /* Date+Today.swift in Sources */ = {isa = PBXBuildFile; fileRef = 71E1426127F2F7AA00CEBEFD /* Date+Today.swift */; };
		71E1426527F2F8FF00CEBEFD /* UIColor+Today.swift in Sources */ = {isa = PBXBuildFile; fileRef = 71E1426427F2F8FF00CEBEFD /* UIColor+Today.swift */; };
		71E1426727F2F92500CEBEFD /* ReminderListViewController+DataSource.swift in Sources */ = {isa = PBXBuildFile; fileRef = 71E1426627F2F92500CEBEFD /* ReminderListViewController+DataSource.swift */; };
		71E1426D27F2FF3500CEBEFD /* Assets.xcassets in Resources */ = {isa = PBXBuildFile; fileRef = 71E1426C27F2FF3500CEBEFD /* Assets.xcassets */; };
		71E1426F27F302A200CEBEFD /* ReminderDoneButton.swift in Sources */ = {isa = PBXBuildFile; fileRef = 71E1426E27F302A200CEBEFD /* ReminderDoneButton.swift */; };
		71E1427127F3036B00CEBEFD /* ReminderListViewController+Actions.swift in Sources */ = {isa = PBXBuildFile; fileRef = 71E1427027F3036B00CEBEFD /* ReminderListViewController+Actions.swift */; };
		71E1427427F30C5300CEBEFD /* ReminderViewController.swift in Sources */ = {isa = PBXBuildFile; fileRef = 71E1427227F30C5300CEBEFD /* ReminderViewController.swift */; };
		71E1427527F30C5300CEBEFD /* ReminderViewController+Row.swift in Sources */ = {isa = PBXBuildFile; fileRef = 71E1427327F30C5300CEBEFD /* ReminderViewController+Row.swift */; };
		71E1427827F30CB700CEBEFD /* ReminderViewController+Section.swift in Sources */ = {isa = PBXBuildFile; fileRef = 71E1427727F30CB700CEBEFD /* ReminderViewController+Section.swift */; };
/* End PBXBuildFile section */

/* Begin PBXFileReference section */
		71E1424727F2D98200CEBEFD /* Today.app */ = {isa = PBXFileReference; explicitFileType = wrapper.application; includeInIndex = 0; path = Today.app; sourceTree = BUILT_PRODUCTS_DIR; };
		71E1424A27F2D98200CEBEFD /* AppDelegate.swift */ = {isa = PBXFileReference; lastKnownFileType = sourcecode.swift; path = AppDelegate.swift; sourceTree = "<group>"; };
		71E1424C27F2D98200CEBEFD /* SceneDelegate.swift */ = {isa = PBXFileReference; lastKnownFileType = sourcecode.swift; path = SceneDelegate.swift; sourceTree = "<group>"; };
		71E1424E27F2D98200CEBEFD /* ReminderListViewController.swift */ = {isa = PBXFileReference; lastKnownFileType = sourcecode.swift; path = ReminderListViewController.swift; sourceTree = "<group>"; };
		71E1425127F2D98200CEBEFD /* Base */ = {isa = PBXFileReference; lastKnownFileType = file.storyboard; name = Base; path = Base.lproj/Main.storyboard; sourceTree = "<group>"; };
		71E1425627F2D98400CEBEFD /* Base */ = {isa = PBXFileReference; lastKnownFileType = file.storyboard; name = Base; path = Base.lproj/LaunchScreen.storyboard; sourceTree = "<group>"; };
		71E1425827F2D98400CEBEFD /* Info.plist */ = {isa = PBXFileReference; lastKnownFileType = text.plist.xml; path = Info.plist; sourceTree = "<group>"; };
		71E1425F27F2DA9200CEBEFD /* Reminder.swift */ = {isa = PBXFileReference; lastKnownFileType = sourcecode.swift; path = Reminder.swift; sourceTree = "<group>"; };
		71E1426127F2F7AA00CEBEFD /* Date+Today.swift */ = {isa = PBXFileReference; lastKnownFileType = sourcecode.swift; path = "Date+Today.swift"; sourceTree = "<group>"; };
		71E1426427F2F8FF00CEBEFD /* UIColor+Today.swift */ = {isa = PBXFileReference; fileEncoding = 4; lastKnownFileType = sourcecode.swift; path = "UIColor+Today.swift"; sourceTree = "<group>"; };
		71E1426627F2F92500CEBEFD /* ReminderListViewController+DataSource.swift */ = {isa = PBXFileReference; lastKnownFileType = sourcecode.swift; path = "ReminderListViewController+DataSource.swift"; sourceTree = "<group>"; };
		71E1426C27F2FF3500CEBEFD /* Assets.xcassets */ = {isa = PBXFileReference; lastKnownFileType = folder.assetcatalog; path = Assets.xcassets; sourceTree = "<group>"; };
		71E1426E27F302A200CEBEFD /* ReminderDoneButton.swift */ = {isa = PBXFileReference; lastKnownFileType = sourcecode.swift; path = ReminderDoneButton.swift; sourceTree = "<group>"; };
		71E1427027F3036B00CEBEFD /* ReminderListViewController+Actions.swift */ = {isa = PBXFileReference; lastKnownFileType = sourcecode.swift; path = "ReminderListViewController+Actions.swift"; sourceTree = "<group>"; };
		71E1427227F30C5300CEBEFD /* ReminderViewController.swift */ = {isa = PBXFileReference; fileEncoding = 4; lastKnownFileType = sourcecode.swift; path = ReminderViewController.swift; sourceTree = "<group>"; };
		71E1427327F30C5300CEBEFD /* ReminderViewController+Row.swift */ = {isa = PBXFileReference; fileEncoding = 4; lastKnownFileType = sourcecode.swift; path = "ReminderViewController+Row.swift"; sourceTree = "<group>"; };
		71E1427727F30CB700CEBEFD /* ReminderViewController+Section.swift */ = {isa = PBXFileReference; lastKnownFileType = sourcecode.swift; path = "ReminderViewController+Section.swift"; sourceTree = "<group>"; };
/* End PBXFileReference section */

/* Begin PBXFrameworksBuildPhase section */
		71E1424427F2D98200CEBEFD /* Frameworks */ = {
			isa = PBXFrameworksBuildPhase;
			buildActionMask = 2147483647;
			files = (
			);
			runOnlyForDeploymentPostprocessing = 0;
		};
/* End PBXFrameworksBuildPhase section */

/* Begin PBXGroup section */
		71E1423E27F2D98200CEBEFD = {
			isa = PBXGroup;
			children = (
				71E1424927F2D98200CEBEFD /* Today */,
				71E1424827F2D98200CEBEFD /* Products */,
			);
			sourceTree = "<group>";
		};
		71E1424827F2D98200CEBEFD /* Products */ = {
			isa = PBXGroup;
			children = (
				71E1424727F2D98200CEBEFD /* Today.app */,
			);
			name = Products;
			sourceTree = "<group>";
		};
		71E1424927F2D98200CEBEFD /* Today */ = {
			isa = PBXGroup;
			children = (
				71E1425E27F2DA7E00CEBEFD /* Models */,
				71E1426327F2F8BA00CEBEFD /* ListViewController */,
				71E1427627F30C5900CEBEFD /* DetailViewController */,
				71E1424A27F2D98200CEBEFD /* AppDelegate.swift */,
				71E1424C27F2D98200CEBEFD /* SceneDelegate.swift */,
				71E1425027F2D98200CEBEFD /* Main.storyboard */,
				71E1426C27F2FF3500CEBEFD /* Assets.xcassets */,
				71E1425527F2D98400CEBEFD /* LaunchScreen.storyboard */,
				71E1425827F2D98400CEBEFD /* Info.plist */,
			);
			path = Today;
			sourceTree = "<group>";
		};
		71E1425E27F2DA7E00CEBEFD /* Models */ = {
			isa = PBXGroup;
			children = (
				71E1425F27F2DA9200CEBEFD /* Reminder.swift */,
				71E1426427F2F8FF00CEBEFD /* UIColor+Today.swift */,
				71E1426127F2F7AA00CEBEFD /* Date+Today.swift */,
			);
			path = Models;
			sourceTree = "<group>";
		};
		71E1426327F2F8BA00CEBEFD /* ListViewController */ = {
			isa = PBXGroup;
			children = (
				71E1426E27F302A200CEBEFD /* ReminderDoneButton.swift */,
				71E1424E27F2D98200CEBEFD /* ReminderListViewController.swift */,
				71E1426627F2F92500CEBEFD /* ReminderListViewController+DataSource.swift */,
				71E1427027F3036B00CEBEFD /* ReminderListViewController+Actions.swift */,
			);
			path = ListViewController;
			sourceTree = "<group>";
		};
		71E1427627F30C5900CEBEFD /* DetailViewController */ = {
			isa = PBXGroup;
			children = (
				71E1427227F30C5300CEBEFD /* ReminderViewController.swift */,
				71E1427727F30CB700CEBEFD /* ReminderViewController+Section.swift */,
				71E1427327F30C5300CEBEFD /* ReminderViewController+Row.swift */,
			);
			path = DetailViewController;
			sourceTree = "<group>";
		};
/* End PBXGroup section */

/* Begin PBXNativeTarget section */
		71E1424627F2D98200CEBEFD /* Today */ = {
			isa = PBXNativeTarget;
			buildConfigurationList = 71E1425B27F2D98400CEBEFD /* Build configuration list for PBXNativeTarget "Today" */;
			buildPhases = (
				71E1424327F2D98200CEBEFD /* Sources */,
				71E1424427F2D98200CEBEFD /* Frameworks */,
				71E1424527F2D98200CEBEFD /* Resources */,
			);
			buildRules = (
			);
			dependencies = (
			);
			name = Today;
			productName = Today;
			productReference = 71E1424727F2D98200CEBEFD /* Today.app */;
			productType = "com.apple.product-type.application";
		};
/* End PBXNativeTarget section */

/* Begin PBXProject section */
		71E1423F27F2D98200CEBEFD /* Project object */ = {
			isa = PBXProject;
			attributes = {
				BuildIndependentTargetsInParallel = 1;
				LastSwiftUpdateCheck = 1330;
				LastUpgradeCheck = 1330;
				TargetAttributes = {
					71E1424627F2D98200CEBEFD = {
						CreatedOnToolsVersion = 13.3;
					};
				};
			};
			buildConfigurationList = 71E1424227F2D98200CEBEFD /* Build configuration list for PBXProject "Today" */;
			compatibilityVersion = "Xcode 13.0";
			developmentRegion = en;
			hasScannedForEncodings = 0;
			knownRegions = (
				en,
				Base,
			);
			mainGroup = 71E1423E27F2D98200CEBEFD;
			productRefGroup = 71E1424827F2D98200CEBEFD /* Products */;
			projectDirPath = "";
			projectRoot = "";
			targets = (
				71E1424627F2D98200CEBEFD /* Today */,
			);
		};
/* End PBXProject section */

/* Begin PBXResourcesBuildPhase section */
		71E1424527F2D98200CEBEFD /* Resources */ = {
			isa = PBXResourcesBuildPhase;
			buildActionMask = 2147483647;
			files = (
				71E1425727F2D98400CEBEFD /* LaunchScreen.storyboard in Resources */,
				71E1426D27F2FF3500CEBEFD /* Assets.xcassets in Resources */,
				71E1425227F2D98200CEBEFD /* Main.storyboard in Resources */,
			);
			runOnlyForDeploymentPostprocessing = 0;
		};
/* End PBXResourcesBuildPhase section */

/* Begin PBXSourcesBuildPhase section */
		71E1424327F2D98200CEBEFD /* Sources */ = {
			isa = PBXSourcesBuildPhase;
			buildActionMask = 2147483647;
			files = (
				71E1427827F30CB700CEBEFD /* ReminderViewController+Section.swift in Sources */,
				71E1424F27F2D98200CEBEFD /* ReminderListViewController.swift in Sources */,
				71E1427127F3036B00CEBEFD /* ReminderListViewController+Actions.swift in Sources */,
				71E1427427F30C5300CEBEFD /* ReminderViewController.swift in Sources */,
				71E1426227F2F7AA00CEBEFD /* Date+Today.swift in Sources */,
				71E1424B27F2D98200CEBEFD /* AppDelegate.swift in Sources */,
				71E1427527F30C5300CEBEFD /* ReminderViewController+Row.swift in Sources */,
				71E1426F27F302A200CEBEFD /* ReminderDoneButton.swift in Sources */,
				71E1424D27F2D98200CEBEFD /* SceneDelegate.swift in Sources */,
				71E1426727F2F92500CEBEFD /* ReminderListViewController+DataSource.swift in Sources */,
				71E1426027F2DA9200CEBEFD /* Reminder.swift in Sources */,
				71E1426527F2F8FF00CEBEFD /* UIColor+Today.swift in Sources */,
			);
			runOnlyForDeploymentPostprocessing = 0;
		};
/* End PBXSourcesBuildPhase section */

/* Begin PBXVariantGroup section */
		71E1425027F2D98200CEBEFD /* Main.storyboard */ = {
			isa = PBXVariantGroup;
			children = (
				71E1425127F2D98200CEBEFD /* Base */,
			);
			name = Main.storyboard;
			sourceTree = "<group>";
		};
		71E1425527F2D98400CEBEFD /* LaunchScreen.storyboard */ = {
			isa = PBXVariantGroup;
			children = (
				71E1425627F2D98400CEBEFD /* Base */,
			);
			name = LaunchScreen.storyboard;
			sourceTree = "<group>";
		};
/* End PBXVariantGroup section */

/* Begin XCBuildConfiguration section */
		71E1425927F2D98400CEBEFD /* Debug */ = {
			isa = XCBuildConfiguration;
			buildSettings = {
				ALWAYS_SEARCH_USER_PATHS = NO;
				CLANG_ANALYZER_NONNULL = YES;
				CLANG_ANALYZER_NUMBER_OBJECT_CONVERSION = YES_AGGRESSIVE;
				CLANG_CXX_LANGUAGE_STANDARD = "gnu++17";
				CLANG_ENABLE_MODULES = YES;
				CLANG_ENABLE_OBJC_ARC = YES;
				CLANG_ENABLE_OBJC_WEAK = YES;
				CLANG_WARN_BLOCK_CAPTURE_AUTORELEASING = YES;
				CLANG_WARN_BOOL_CONVERSION = YES;
				CLANG_WARN_COMMA = YES;
				CLANG_WARN_CONSTANT_CONVERSION = YES;
				CLANG_WARN_DEPRECATED_OBJC_IMPLEMENTATIONS = YES;
				CLANG_WARN_DIRECT_OBJC_ISA_USAGE = YES_ERROR;
				CLANG_WARN_DOCUMENTATION_COMMENTS = YES;
				CLANG_WARN_EMPTY_BODY = YES;
				CLANG_WARN_ENUM_CONVERSION = YES;
				CLANG_WARN_INFINITE_RECURSION = YES;
				CLANG_WARN_INT_CONVERSION = YES;
				CLANG_WARN_NON_LITERAL_NULL_CONVERSION = YES;
				CLANG_WARN_OBJC_IMPLICIT_RETAIN_SELF = YES;
				CLANG_WARN_OBJC_LITERAL_CONVERSION = YES;
				CLANG_WARN_OBJC_ROOT_CLASS = YES_ERROR;
				CLANG_WARN_QUOTED_INCLUDE_IN_FRAMEWORK_HEADER = YES;
				CLANG_WARN_RANGE_LOOP_ANALYSIS = YES;
				CLANG_WARN_STRICT_PROTOTYPES = YES;
				CLANG_WARN_SUSPICIOUS_MOVE = YES;
				CLANG_WARN_UNGUARDED_AVAILABILITY = YES_AGGRESSIVE;
				CLANG_WARN_UNREACHABLE_CODE = YES;
				CLANG_WARN__DUPLICATE_METHOD_MATCH = YES;
				COPY_PHASE_STRIP = NO;
				DEBUG_INFORMATION_FORMAT = dwarf;
				ENABLE_STRICT_OBJC_MSGSEND = YES;
				ENABLE_TESTABILITY = YES;
				GCC_C_LANGUAGE_STANDARD = gnu11;
				GCC_DYNAMIC_NO_PIC = NO;
				GCC_NO_COMMON_BLOCKS = YES;
				GCC_OPTIMIZATION_LEVEL = 0;
				GCC_PREPROCESSOR_DEFINITIONS = (
					"DEBUG=1",
					"$(inherited)",
				);
				GCC_WARN_64_TO_32_BIT_CONVERSION = YES;
				GCC_WARN_ABOUT_RETURN_TYPE = YES_ERROR;
				GCC_WARN_UNDECLARED_SELECTOR = YES;
				GCC_WARN_UNINITIALIZED_AUTOS = YES_AGGRESSIVE;
				GCC_WARN_UNUSED_FUNCTION = YES;
				GCC_WARN_UNUSED_VARIABLE = YES;
				IPHONEOS_DEPLOYMENT_TARGET = 15.4;
				MTL_ENABLE_DEBUG_INFO = INCLUDE_SOURCE;
				MTL_FAST_MATH = YES;
				ONLY_ACTIVE_ARCH = YES;
				SDKROOT = iphoneos;
				SWIFT_ACTIVE_COMPILATION_CONDITIONS = DEBUG;
				SWIFT_OPTIMIZATION_LEVEL = "-Onone";
			};
			name = Debug;
		};
		71E1425A27F2D98400CEBEFD /* Release */ = {
			isa = XCBuildConfiguration;
			buildSettings = {
				ALWAYS_SEARCH_USER_PATHS = NO;
				CLANG_ANALYZER_NONNULL = YES;
				CLANG_ANALYZER_NUMBER_OBJECT_CONVERSION = YES_AGGRESSIVE;
				CLANG_CXX_LANGUAGE_STANDARD = "gnu++17";
				CLANG_ENABLE_MODULES = YES;
				CLANG_ENABLE_OBJC_ARC = YES;
				CLANG_ENABLE_OBJC_WEAK = YES;
				CLANG_WARN_BLOCK_CAPTURE_AUTORELEASING = YES;
				CLANG_WARN_BOOL_CONVERSION = YES;
				CLANG_WARN_COMMA = YES;
				CLANG_WARN_CONSTANT_CONVERSION = YES;
				CLANG_WARN_DEPRECATED_OBJC_IMPLEMENTATIONS = YES;
				CLANG_WARN_DIRECT_OBJC_ISA_USAGE = YES_ERROR;
				CLANG_WARN_DOCUMENTATION_COMMENTS = YES;
				CLANG_WARN_EMPTY_BODY = YES;
				CLANG_WARN_ENUM_CONVERSION = YES;
				CLANG_WARN_INFINITE_RECURSION = YES;
				CLANG_WARN_INT_CONVERSION = YES;
				CLANG_WARN_NON_LITERAL_NULL_CONVERSION = YES;
				CLANG_WARN_OBJC_IMPLICIT_RETAIN_SELF = YES;
				CLANG_WARN_OBJC_LITERAL_CONVERSION = YES;
				CLANG_WARN_OBJC_ROOT_CLASS = YES_ERROR;
				CLANG_WARN_QUOTED_INCLUDE_IN_FRAMEWORK_HEADER = YES;
				CLANG_WARN_RANGE_LOOP_ANALYSIS = YES;
				CLANG_WARN_STRICT_PROTOTYPES = YES;
				CLANG_WARN_SUSPICIOUS_MOVE = YES;
				CLANG_WARN_UNGUARDED_AVAILABILITY = YES_AGGRESSIVE;
				CLANG_WARN_UNREACHABLE_CODE = YES;
				CLANG_WARN__DUPLICATE_METHOD_MATCH = YES;
				COPY_PHASE_STRIP = NO;
				DEBUG_INFORMATION_FORMAT = "dwarf-with-dsym";
				ENABLE_NS_ASSERTIONS = NO;
				ENABLE_STRICT_OBJC_MSGSEND = YES;
				GCC_C_LANGUAGE_STANDARD = gnu11;
				GCC_NO_COMMON_BLOCKS = YES;
				GCC_WARN_64_TO_32_BIT_CONVERSION = YES;
				GCC_WARN_ABOUT_RETURN_TYPE = YES_ERROR;
				GCC_WARN_UNDECLARED_SELECTOR = YES;
				GCC_WARN_UNINITIALIZED_AUTOS = YES_AGGRESSIVE;
				GCC_WARN_UNUSED_FUNCTION = YES;
				GCC_WARN_UNUSED_VARIABLE = YES;
				IPHONEOS_DEPLOYMENT_TARGET = 15.4;
				MTL_ENABLE_DEBUG_INFO = NO;
				MTL_FAST_MATH = YES;
				SDKROOT = iphoneos;
				SWIFT_COMPILATION_MODE = wholemodule;
				SWIFT_OPTIMIZATION_LEVEL = "-O";
				VALIDATE_PRODUCT = YES;
			};
			name = Release;
		};
		71E1425C27F2D98400CEBEFD /* Debug */ = {
			isa = XCBuildConfiguration;
			buildSettings = {
				ASSETCATALOG_COMPILER_APPICON_NAME = AppIcon;
				ASSETCATALOG_COMPILER_GLOBAL_ACCENT_COLOR_NAME = AccentColor;
				CODE_SIGN_STYLE = Automatic;
				CURRENT_PROJECT_VERSION = 1;
				DEVELOPMENT_TEAM = M6Z8JUW5F9;
				GENERATE_INFOPLIST_FILE = YES;
				INFOPLIST_FILE = Today/Info.plist;
				INFOPLIST_KEY_UIApplicationSupportsIndirectInputEvents = YES;
				INFOPLIST_KEY_UILaunchStoryboardName = LaunchScreen;
				INFOPLIST_KEY_UIMainStoryboardFile = Main;
				INFOPLIST_KEY_UISupportedInterfaceOrientations_iPad = "UIInterfaceOrientationPortrait UIInterfaceOrientationPortraitUpsideDown UIInterfaceOrientationLandscapeLeft UIInterfaceOrientationLandscapeRight";
				INFOPLIST_KEY_UISupportedInterfaceOrientations_iPhone = "UIInterfaceOrientationPortrait UIInterfaceOrientationLandscapeLeft UIInterfaceOrientationLandscapeRight";
				LD_RUNPATH_SEARCH_PATHS = (
					"$(inherited)",
					"@executable_path/Frameworks",
				);
				MARKETING_VERSION = 1.0;
				PRODUCT_BUNDLE_IDENTIFIER = com.konrad.cureau.Today;
				PRODUCT_NAME = "$(TARGET_NAME)";
				SWIFT_EMIT_LOC_STRINGS = YES;
				SWIFT_VERSION = 5.0;
				TARGETED_DEVICE_FAMILY = "1,2";
			};
			name = Debug;
		};
		71E1425D27F2D98400CEBEFD /* Release */ = {
			isa = XCBuildConfiguration;
			buildSettings = {
				ASSETCATALOG_COMPILER_APPICON_NAME = AppIcon;
				ASSETCATALOG_COMPILER_GLOBAL_ACCENT_COLOR_NAME = AccentColor;
				CODE_SIGN_STYLE = Automatic;
				CURRENT_PROJECT_VERSION = 1;
				DEVELOPMENT_TEAM = M6Z8JUW5F9;
				GENERATE_INFOPLIST_FILE = YES;
				INFOPLIST_FILE = Today/Info.plist;
				INFOPLIST_KEY_UIApplicationSupportsIndirectInputEvents = YES;
				INFOPLIST_KEY_UILaunchStoryboardName = LaunchScreen;
				INFOPLIST_KEY_UIMainStoryboardFile = Main;
				INFOPLIST_KEY_UISupportedInterfaceOrientations_iPad = "UIInterfaceOrientationPortrait UIInterfaceOrientationPortraitUpsideDown UIInterfaceOrientationLandscapeLeft UIInterfaceOrientationLandscapeRight";
				INFOPLIST_KEY_UISupportedInterfaceOrientations_iPhone = "UIInterfaceOrientationPortrait UIInterfaceOrientationLandscapeLeft UIInterfaceOrientationLandscapeRight";
				LD_RUNPATH_SEARCH_PATHS = (
					"$(inherited)",
					"@executable_path/Frameworks",
				);
				MARKETING_VERSION = 1.0;
				PRODUCT_BUNDLE_IDENTIFIER = com.konrad.cureau.Today;
				PRODUCT_NAME = "$(TARGET_NAME)";
				SWIFT_EMIT_LOC_STRINGS = YES;
				SWIFT_VERSION = 5.0;
				TARGETED_DEVICE_FAMILY = "1,2";
			};
			name = Release;
		};
/* End XCBuildConfiguration section */

/* Begin XCConfigurationList section */
		71E1424227F2D98200CEBEFD /* Build configuration list for PBXProject "Today" */ = {
			isa = XCConfigurationList;
			buildConfigurations = (
				71E1425927F2D98400CEBEFD /* Debug */,
				71E1425A27F2D98400CEBEFD /* Release */,
			);
			defaultConfigurationIsVisible = 0;
			defaultConfigurationName = Release;
		};
		71E1425B27F2D98400CEBEFD /* Build configuration list for PBXNativeTarget "Today" */ = {
			isa = XCConfigurationList;
			buildConfigurations = (
				71E1425C27F2D98400CEBEFD /* Debug */,
				71E1425D27F2D98400CEBEFD /* Release */,
			);
			defaultConfigurationIsVisible = 0;
			defaultConfigurationName = Release;
		};
/* End XCConfigurationList section */
	};
	rootObject = 71E1423F27F2D98200CEBEFD /* Project object */;
}
